<?xml version="1.0" encoding="utf-8"?>
<Project ToolsVersion="4.0" xmlns="http://schemas.microsoft.com/developer/msbuild/2003">
  <ItemGroup>
    <Filter Include="Source Files">
      <UniqueIdentifier>{4FC737F1-C7A5-4376-A066-2A32D752A2FF}</UniqueIdentifier>
      <Extensions>cpp;c;cc;cxx;def;odl;idl;hpj;bat;asm;asmx</Extensions>
    </Filter>
    <Filter Include="Source Files\sph">
      <UniqueIdentifier>{018a84e6-b2ae-433c-bc64-8d7b92ead28b}</UniqueIdentifier>
    </Filter>
    <Filter Include="Source Files\logger">
      <UniqueIdentifier>{2fb08f88-4049-43aa-8be2-42aa741ea0d0}</UniqueIdentifier>
    </Filter>
    <Filter Include="Source Files\config">
      <UniqueIdentifier>{aea1e630-e934-479f-9c23-682c19b11d73}</UniqueIdentifier>
    </Filter>
    <Filter Include="Source Files\scene">
      <UniqueIdentifier>{218af58d-be82-427d-b873-779632a69873}</UniqueIdentifier>
    </Filter>
    <Filter Include="Source Files\shaders">
      <UniqueIdentifier>{a38a0efc-1c86-44bf-bce4-b22ba850fa58}</UniqueIdentifier>
    </Filter>
    <Filter Include="Source Files\hud">
      <UniqueIdentifier>{f6d1411b-dd90-46c9-aeb9-42dfc2fc86d5}</UniqueIdentifier>
    </Filter>
    <Filter Include="Source Files\gfx">
      <UniqueIdentifier>{4878bd2a-38e7-4812-a1ba-28e56a0395a4}</UniqueIdentifier>
    </Filter>
    <Filter Include="Source Files\data">
      <UniqueIdentifier>{11c59530-1e9a-4ebf-a4bc-e94b754ec5ee}</UniqueIdentifier>
    </Filter>
  </ItemGroup>
  <ItemGroup>
    <ClCompile Include="main.cpp">
      <Filter>Source Files</Filter>
    </ClCompile>
    <ClCompile Include="magma.cpp">
      <Filter>Source Files</Filter>
    </ClCompile>
    <ClCompile Include="logger.cpp">
      <Filter>Source Files\logger</Filter>
    </ClCompile>
    <ClCompile Include="scene.cpp">
      <Filter>Source Files\scene</Filter>
    </ClCompile>
    <ClCompile Include="fluid.cpp">
      <Filter>Source Files\sph</Filter>
    </ClCompile>
    <ClCompile Include="perf.cpp">
      <Filter>Source Files</Filter>
    </ClCompile>
    <ClCompile Include="event_handler.cpp">
      <Filter>Source Files</Filter>
    </ClCompile>
    <ClCompile Include="camera.cpp">
      <Filter>Source Files\scene</Filter>
    </ClCompile>
    <ClCompile Include="hud.cpp">
      <Filter>Source Files\hud</Filter>
    </ClCompile>
    <ClCompile Include="imgui_sdl_vulkan_bindings.cpp">
      <Filter>Source Files\hud</Filter>
    </ClCompile>
    <ClCompile Include="mesh.cpp">
      <Filter>Source Files\scene</Filter>
    </ClCompile>
    <ClCompile Include="scene_element.cpp">
      <Filter>Source Files\scene</Filter>
    </ClCompile>
    <ClCompile Include="fluid_simulation.cpp">
      <Filter>Source Files\sph</Filter>
    </ClCompile>
    <ClCompile Include="gfx_context.cpp">
      <Filter>Source Files\gfx</Filter>
    </ClCompile>
    <ClCompile Include="fluid_pipeline.cpp">
      <Filter>Source Files\gfx</Filter>
    </ClCompile>
    <ClCompile Include="gfx_structs.cpp">
      <Filter>Source Files\gfx</Filter>
    </ClCompile>
    <ClCompile Include="pipeline.cpp">
      <Filter>Source Files\gfx</Filter>
    </ClCompile>
    <ClCompile Include="mesh_pipeline.cpp">
      <Filter>Source Files\gfx</Filter>
    </ClCompile>
  </ItemGroup>
  <ItemGroup>
    <ClInclude Include="scene_graph.h">
      <Filter>Source Files\scene</Filter>
    </ClInclude>
    <ClInclude Include="scene_element.h">
      <Filter>Source Files\scene</Filter>
    </ClInclude>
    <ClInclude Include="scene.h">
      <Filter>Source Files\scene</Filter>
    </ClInclude>
    <ClInclude Include="camera.h">
      <Filter>Source Files\scene</Filter>
    </ClInclude>
    <ClInclude Include="logger.h">
      <Filter>Source Files\logger</Filter>
    </ClInclude>
    <ClInclude Include="config.h">
      <Filter>Source Files\config</Filter>
    </ClInclude>
    <ClInclude Include="magma.h">
      <Filter>Source Files</Filter>
    </ClInclude>
    <ClInclude Include="math.h">
      <Filter>Source Files</Filter>
    </ClInclude>
    <ClInclude Include="fluid.h">
      <Filter>Source Files\sph</Filter>
    </ClInclude>
    <ClInclude Include="perf.h">
      <Filter>Source Files</Filter>
    </ClInclude>
    <ClInclude Include="event_handler.h">
      <Filter>Source Files</Filter>
    </ClInclude>
    <ClInclude Include="magma_types.h">
      <Filter>Source Files</Filter>
    </ClInclude>
    <ClInclude Include="hud.h">
      <Filter>Source Files\hud</Filter>
    </ClInclude>
    <ClInclude Include="imgui_sdl_vulkan_bindings.h">
      <Filter>Source Files\hud</Filter>
    </ClInclude>
    <ClInclude Include="mesh.h">
      <Filter>Source Files\scene</Filter>
    </ClInclude>
    <ClInclude Include="fluid_simulation.h">
      <Filter>Source Files\sph</Filter>
    </ClInclude>
    <ClInclude Include="magma_context.h">
      <Filter>Source Files</Filter>
    </ClInclude>
    <ClInclude Include="gfx_context.h">
      <Filter>Source Files\gfx</Filter>
    </ClInclude>
    <ClInclude Include="fluid_pipeline.h">
      <Filter>Source Files\gfx</Filter>
    </ClInclude>
    <ClInclude Include="gfx_structs.h">
      <Filter>Source Files\gfx</Filter>
    </ClInclude>
    <ClInclude Include="gfx_utils.h">
      <Filter>Source Files\gfx</Filter>
    </ClInclude>
    <ClInclude Include="gfx_wrap.h">
      <Filter>Source Files\gfx</Filter>
    </ClInclude>
    <ClInclude Include="pipeline.h">
      <Filter>Source Files\gfx</Filter>
    </ClInclude>
    <ClInclude Include="mesh_pipeline.h">
      <Filter>Source Files\gfx</Filter>
    </ClInclude>
  </ItemGroup>
  <ItemGroup>
    <None Include="data\scene.json">
      <Filter>Source Files\data</Filter>
    </None>
    <None Include="shaders\particle.frag">
      <Filter>Source Files\shaders</Filter>
    </None>
    <None Include="shaders\particle.vert">
      <Filter>Source Files\shaders</Filter>
    </None>
  </ItemGroup>
  <ItemGroup>
    <Object Include="data\bowl.obj">
      <Filter>Source Files\data</Filter>
    </Object>
  </ItemGroup>
</Project>