<?xml version="1.0" encoding="utf-8"?>
<Project ToolsVersion="4.0" xmlns="http://schemas.microsoft.com/developer/msbuild/2003">
  <ItemGroup>
    <Filter Include="Source Files">
      <UniqueIdentifier>{4FC737F1-C7A5-4376-A066-2A32D752A2FF}</UniqueIdentifier>
      <Extensions>cpp;c;cc;cxx;def;odl;idl;hpj;bat;asm;asmx</Extensions>
    </Filter>
    <Filter Include="Source Files\sph">
      <UniqueIdentifier>{018a84e6-b2ae-433c-bc64-8d7b92ead28b}</UniqueIdentifier>
    </Filter>
    <Filter Include="Source Files\vk">
      <UniqueIdentifier>{4878bd2a-38e7-4812-a1ba-28e56a0395a4}</UniqueIdentifier>
    </Filter>
    <Filter Include="Source Files\logger">
      <UniqueIdentifier>{2fb08f88-4049-43aa-8be2-42aa741ea0d0}</UniqueIdentifier>
    </Filter>
    <Filter Include="Source Files\config">
      <UniqueIdentifier>{aea1e630-e934-479f-9c23-682c19b11d73}</UniqueIdentifier>
    </Filter>
    <Filter Include="Source Files\scene">
      <UniqueIdentifier>{218af58d-be82-427d-b873-779632a69873}</UniqueIdentifier>
    </Filter>
    <Filter Include="Source Files\shaders">
      <UniqueIdentifier>{a38a0efc-1c86-44bf-bce4-b22ba850fa58}</UniqueIdentifier>
    </Filter>
    <Filter Include="Source Files\ui">
      <UniqueIdentifier>{f6d1411b-dd90-46c9-aeb9-42dfc2fc86d5}</UniqueIdentifier>
    </Filter>
  </ItemGroup>
  <ItemGroup>
    <ClCompile Include="main.cpp">
      <Filter>Source Files</Filter>
    </ClCompile>
    <ClCompile Include="sph.cpp">
      <Filter>Source Files\sph</Filter>
    </ClCompile>
    <ClCompile Include="vk_context.cpp">
      <Filter>Source Files\vk</Filter>
    </ClCompile>
    <ClCompile Include="magma.cpp">
      <Filter>Source Files</Filter>
    </ClCompile>
    <ClCompile Include="logger.cpp">
      <Filter>Source Files\logger</Filter>
    </ClCompile>
    <ClCompile Include="emitter.cpp">
      <Filter>Source Files\sph</Filter>
    </ClCompile>
  </ItemGroup>
  <ItemGroup>
    <ClInclude Include="scene_graph.h">
      <Filter>Source Files\scene</Filter>
    </ClInclude>
    <ClInclude Include="scene_element.h">
      <Filter>Source Files\scene</Filter>
    </ClInclude>
    <ClInclude Include="scene.h">
      <Filter>Source Files\scene</Filter>
    </ClInclude>
    <ClInclude Include="camera.h">
      <Filter>Source Files\scene</Filter>
    </ClInclude>
    <ClInclude Include="logger.h">
      <Filter>Source Files\logger</Filter>
    </ClInclude>
    <ClInclude Include="config.h">
      <Filter>Source Files\config</Filter>
    </ClInclude>
    <ClInclude Include="magma.h">
      <Filter>Source Files</Filter>
    </ClInclude>
    <ClInclude Include="sph.h">
      <Filter>Source Files\sph</Filter>
    </ClInclude>
    <ClInclude Include="vk_context.h">
      <Filter>Source Files\vk</Filter>
    </ClInclude>
    <ClInclude Include="vk_wrap.h">
      <Filter>Source Files\vk</Filter>
    </ClInclude>
    <ClInclude Include="emitter.h">
      <Filter>Source Files\sph</Filter>
    </ClInclude>
  </ItemGroup>
  <ItemGroup>
    <None Include="params.json">
      <Filter>Source Files\sph</Filter>
    </None>
  </ItemGroup>
</Project>